
Microsoft Visual Studio Solution File, Format Version 12.00
# Visual Studio Version 16
VisualStudioVersion = 16.0.32126.315
MinimumVisualStudioVersion = 10.0.40219.1
Project("{9A19103F-16F7-4668-BE54-9A1E7A4F7556}") = "BlockDesigning", "BlockDesigning.csproj", "{F600311C-6616-4345-92C8-2D568B635C1A}"
EndProject
Global
	GlobalSection(SolutionConfigurationPlatforms) = preSolution
		Debug|Any CPU = Debug|Any CPU
		Release|Any CPU = Release|Any CPU
	EndGlobalSection
	GlobalSection(ProjectConfigurationPlatforms) = postSolution
		{F600311C-6616-4345-92C8-2D568B635C1A}.Debug|Any CPU.ActiveCfg = Debug|Any CPU
		{F600311C-6616-4345-92C8-2D568B635C1A}.Debug|Any CPU.Build.0 = Debug|Any CPU
		{F600311C-6616-4345-92C8-2D568B635C1A}.Release|Any CPU.ActiveCfg = Release|Any CPU
		{F600311C-6616-4345-92C8-2D568B635C1A}.Release|Any CPU.Build.0 = Release|Any CPU
	EndGlobalSection
	GlobalSection(SolutionProperties) = preSolution
		HideSolutionNode = FALSE
	EndGlobalSection
	GlobalSection(ExtensibilityGlobals) = postSolution
		SolutionGuid = {729565A6-ED1F-4EDE-BB63-F6DCE9DD6ECA}
	EndGlobalSection
EndGlobal
